
Microsoft Visual Studio Solution File, Format Version 12.00
# Visual Studio Version 17
VisualStudioVersion = 17.14.36511.14 d17.14
MinimumVisualStudioVersion = 10.0.40219.1
Project("{FAE04EC0-301F-11D3-BF4B-00C04F79EFBC}") = "ControldeInventariodeTiendaWindowsForms", "ControldeInventariodeTiendaWindowsForms\ControldeInventariodeTiendaWindowsForms.csproj", "{5D3B4F7D-39A9-41D9-A213-D9F6588BFAF7}"
EndProject
Global
	GlobalSection(SolutionConfigurationPlatforms) = preSolution
		Debug|Any CPU = Debug|Any CPU
		Release|Any CPU = Release|Any CPU
	EndGlobalSection
	GlobalSection(ProjectConfigurationPlatforms) = postSolution
		{5D3B4F7D-39A9-41D9-A213-D9F6588BFAF7}.Debug|Any CPU.ActiveCfg = Debug|Any CPU
		{5D3B4F7D-39A9-41D9-A213-D9F6588BFAF7}.Debug|Any CPU.Build.0 = Debug|Any CPU
		{5D3B4F7D-39A9-41D9-A213-D9F6588BFAF7}.Release|Any CPU.ActiveCfg = Release|Any CPU
		{5D3B4F7D-39A9-41D9-A213-D9F6588BFAF7}.Release|Any CPU.Build.0 = Release|Any CPU
	EndGlobalSection
	GlobalSection(SolutionProperties) = preSolution
		HideSolutionNode = FALSE
	EndGlobalSection
	GlobalSection(ExtensibilityGlobals) = postSolution
		SolutionGuid = {57D5C170-CB40-47D2-A5A7-9C76AF8E7F56}
	EndGlobalSection
EndGlobal
